
Microsoft Visual Studio Solution File, Format Version 12.00
# Visual Studio 14
VisualStudioVersion = 14.0.22530.0
MinimumVisualStudioVersion = 10.0.40219.1
Project("{2150E333-8FDC-42A3-9474-1A3956D46DE8}") = "src", "src", "{AB6125DB-9E7E-440F-8FE3-2CA3F2C3F58C}"
EndProject
Project("{2150E333-8FDC-42A3-9474-1A3956D46DE8}") = "Solution Items", "Solution Items", "{C767B9F0-2154-4DB8-8FDA-78716BBAA53B}"
	ProjectSection(SolutionItems) = preProject
		global.json = global.json
	EndProjectSection
EndProject
Project("{2150E333-8FDC-42A3-9474-1A3956D46DE8}") = "test", "test", "{26903DA0-19ED-467C-8957-E7AFF0ACFBA3}"
EndProject
Project("{8BB2217D-0F2D-49D1-97BC-3654ED321F3B}") = "Microsoft.Framework.Signing", "src\Microsoft.Framework.Signing\Microsoft.Framework.Signing.xproj", "{ECF5388F-01D0-43BE-8873-41D094CE84B9}"
EndProject
Project("{8BB2217D-0F2D-49D1-97BC-3654ED321F3B}") = "Microsoft.Framework.Signing.Tests", "test\Microsoft.Framework.Signing.Tests\Microsoft.Framework.Signing.Tests.xproj", "{09A519E1-5A00-4845-89A6-14CC5FC6B9CD}"
EndProject
Global
	GlobalSection(SolutionConfigurationPlatforms) = preSolution
		Debug|Any CPU = Debug|Any CPU
		Release|Any CPU = Release|Any CPU
	EndGlobalSection
	GlobalSection(ProjectConfigurationPlatforms) = postSolution
		{ECF5388F-01D0-43BE-8873-41D094CE84B9}.Debug|Any CPU.ActiveCfg = Debug|Any CPU
		{ECF5388F-01D0-43BE-8873-41D094CE84B9}.Debug|Any CPU.Build.0 = Debug|Any CPU
		{ECF5388F-01D0-43BE-8873-41D094CE84B9}.Release|Any CPU.ActiveCfg = Release|Any CPU
		{ECF5388F-01D0-43BE-8873-41D094CE84B9}.Release|Any CPU.Build.0 = Release|Any CPU
		{09A519E1-5A00-4845-89A6-14CC5FC6B9CD}.Debug|Any CPU.ActiveCfg = Debug|Any CPU
		{09A519E1-5A00-4845-89A6-14CC5FC6B9CD}.Debug|Any CPU.Build.0 = Debug|Any CPU
		{09A519E1-5A00-4845-89A6-14CC5FC6B9CD}.Release|Any CPU.ActiveCfg = Release|Any CPU
		{09A519E1-5A00-4845-89A6-14CC5FC6B9CD}.Release|Any CPU.Build.0 = Release|Any CPU
	EndGlobalSection
	GlobalSection(SolutionProperties) = preSolution
		HideSolutionNode = FALSE
	EndGlobalSection
	GlobalSection(NestedProjects) = preSolution
		{ECF5388F-01D0-43BE-8873-41D094CE84B9} = {AB6125DB-9E7E-440F-8FE3-2CA3F2C3F58C}
		{09A519E1-5A00-4845-89A6-14CC5FC6B9CD} = {26903DA0-19ED-467C-8957-E7AFF0ACFBA3}
	EndGlobalSection
EndGlobal
